// !$*UTF8*$!
{
	archiveVersion = 1;
	classes = {
	};
	objectVersion = 46;
	objects = {

/* Begin PBXBuildFile section */
		0F06E40E20C7BE9600A37301 /* BallCollectionViewCell.swift in Sources */ = {isa = PBXBuildFile; fileRef = 0F06E40D20C7BE9600A37301 /* BallCollectionViewCell.swift */; };
		0F0CFB5921D2094800347091 /* Board.swift in Sources */ = {isa = PBXBuildFile; fileRef = 0F0CFB5821D2094800347091 /* Board.swift */; };
		0F16F44D21C0FC7600E24320 /* RotArr.swift in Sources */ = {isa = PBXBuildFile; fileRef = 0F16F44C21C0FC7600E24320 /* RotArr.swift */; };
		0F41F0801F6B793C002699C5 /* ClearUp.swift in Sources */ = {isa = PBXBuildFile; fileRef = 0F41F07F1F6B793C002699C5 /* ClearUp.swift */; };
		0F48570C1F553ABD00E852C2 /* AppDelegate.swift in Sources */ = {isa = PBXBuildFile; fileRef = 0F48570B1F553ABD00E852C2 /* AppDelegate.swift */; };
		0F48570E1F553ABD00E852C2 /* ViewController.swift in Sources */ = {isa = PBXBuildFile; fileRef = 0F48570D1F553ABD00E852C2 /* ViewController.swift */; };
		0F4857111F553ABD00E852C2 /* Main.storyboard in Resources */ = {isa = PBXBuildFile; fileRef = 0F48570F1F553ABD00E852C2 /* Main.storyboard */; };
		0F4857131F553ABD00E852C2 /* Assets.xcassets in Resources */ = {isa = PBXBuildFile; fileRef = 0F4857121F553ABD00E852C2 /* Assets.xcassets */; };
		0F4857161F553ABD00E852C2 /* LaunchScreen.storyboard in Resources */ = {isa = PBXBuildFile; fileRef = 0F4857141F553ABD00E852C2 /* LaunchScreen.storyboard */; };
		0F4857211F553ABD00E852C2 /* myMapTests.swift in Sources */ = {isa = PBXBuildFile; fileRef = 0F4857201F553ABD00E852C2 /* myMapTests.swift */; };
		0F48572C1F553ABD00E852C2 /* myMapUITests.swift in Sources */ = {isa = PBXBuildFile; fileRef = 0F48572B1F553ABD00E852C2 /* myMapUITests.swift */; };
		0F48573B1F55566900E852C2 /* MapKit.framework in Frameworks */ = {isa = PBXBuildFile; fileRef = 0F48573A1F55566900E852C2 /* MapKit.framework */; };
		0F48573D1F55567000E852C2 /* CoreLocation.framework in Frameworks */ = {isa = PBXBuildFile; fileRef = 0F48573C1F55567000E852C2 /* CoreLocation.framework */; };
		0F48EC211F5CF2C100AC0883 /* MyCollectionViewCell.swift in Sources */ = {isa = PBXBuildFile; fileRef = 0F48EC201F5CF2C100AC0883 /* MyCollectionViewCell.swift */; };
		0F4BDA1C20B5142F00DB8147 /* GenerateStartArray.swift in Sources */ = {isa = PBXBuildFile; fileRef = 0F4BDA1B20B5142F00DB8147 /* GenerateStartArray.swift */; };
		0F4BDA1E20B5249B00DB8147 /* RotationAlgorithm.swift in Sources */ = {isa = PBXBuildFile; fileRef = 0F4BDA1D20B5249B00DB8147 /* RotationAlgorithm.swift */; };
		0F4D3B7D1FAAD14D00E0E67F /* GetColor.swift in Sources */ = {isa = PBXBuildFile; fileRef = 0F4D3B7C1FAAD14D00E0E67F /* GetColor.swift */; };
		0F4D3B821FAAF68600E0E67F /* ImageTransferArray.swift in Sources */ = {isa = PBXBuildFile; fileRef = 0F4D3B811FAAF68600E0E67F /* ImageTransferArray.swift */; };
		0F4D3B841FAAF72600E0E67F /* pic.png in Resources */ = {isa = PBXBuildFile; fileRef = 0F4D3B831FAAF72600E0E67F /* pic.png */; };
		0F4E4AF5206C81C500DB9D32 /* Constant.swift in Sources */ = {isa = PBXBuildFile; fileRef = 0F4E4AF4206C81C500DB9D32 /* Constant.swift */; };
		0F4E4AF7206CC79600DB9D32 /* Define.swift in Sources */ = {isa = PBXBuildFile; fileRef = 0F4E4AF6206CC79600DB9D32 /* Define.swift */; };
		0F76AAB321CE34A40040F7AC /* SetArrayViewController.swift in Sources */ = {isa = PBXBuildFile; fileRef = 0F76AAB221CE34A40040F7AC /* SetArrayViewController.swift */; };
		0FB6DD211F6A317A0035707B /* ComboCalFunc.swift in Sources */ = {isa = PBXBuildFile; fileRef = 0FB6DD201F6A317A0035707B /* ComboCalFunc.swift */; };
		0FB6DD231F6A54F80035707B /* StartRotationFunc.swift in Sources */ = {isa = PBXBuildFile; fileRef = 0FB6DD221F6A54F80035707B /* StartRotationFunc.swift */; };
/* End PBXBuildFile section */

/* Begin PBXContainerItemProxy section */
		0F48571D1F553ABD00E852C2 /* PBXContainerItemProxy */ = {
			isa = PBXContainerItemProxy;
			containerPortal = 0F4857001F553ABD00E852C2 /* Project object */;
			proxyType = 1;
			remoteGlobalIDString = 0F4857071F553ABD00E852C2;
			remoteInfo = myMap;
		};
		0F4857281F553ABD00E852C2 /* PBXContainerItemProxy */ = {
			isa = PBXContainerItemProxy;
			containerPortal = 0F4857001F553ABD00E852C2 /* Project object */;
			proxyType = 1;
			remoteGlobalIDString = 0F4857071F553ABD00E852C2;
			remoteInfo = myMap;
		};
/* End PBXContainerItemProxy section */

/* Begin PBXFileReference section */
		0F06E40D20C7BE9600A37301 /* BallCollectionViewCell.swift */ = {isa = PBXFileReference; lastKnownFileType = sourcecode.swift; path = BallCollectionViewCell.swift; sourceTree = "<group>"; };
		0F0CFB5821D2094800347091 /* Board.swift */ = {isa = PBXFileReference; lastKnownFileType = sourcecode.swift; path = Board.swift; sourceTree = "<group>"; };
		0F16F44C21C0FC7600E24320 /* RotArr.swift */ = {isa = PBXFileReference; lastKnownFileType = sourcecode.swift; path = RotArr.swift; sourceTree = "<group>"; };
		0F41F07F1F6B793C002699C5 /* ClearUp.swift */ = {isa = PBXFileReference; fileEncoding = 4; lastKnownFileType = sourcecode.swift; name = ClearUp.swift; path = ../ClearUp.swift; sourceTree = "<group>"; };
		0F4857081F553ABD00E852C2 /* myMap.app */ = {isa = PBXFileReference; explicitFileType = wrapper.application; includeInIndex = 0; path = myMap.app; sourceTree = BUILT_PRODUCTS_DIR; };
		0F48570B1F553ABD00E852C2 /* AppDelegate.swift */ = {isa = PBXFileReference; lastKnownFileType = sourcecode.swift; path = AppDelegate.swift; sourceTree = "<group>"; };
		0F48570D1F553ABD00E852C2 /* ViewController.swift */ = {isa = PBXFileReference; lastKnownFileType = sourcecode.swift; path = ViewController.swift; sourceTree = "<group>"; };
		0F4857101F553ABD00E852C2 /* Base */ = {isa = PBXFileReference; lastKnownFileType = file.storyboard; name = Base; path = Base.lproj/Main.storyboard; sourceTree = "<group>"; };
		0F4857121F553ABD00E852C2 /* Assets.xcassets */ = {isa = PBXFileReference; lastKnownFileType = folder.assetcatalog; path = Assets.xcassets; sourceTree = "<group>"; };
		0F4857151F553ABD00E852C2 /* Base */ = {isa = PBXFileReference; lastKnownFileType = file.storyboard; name = Base; path = Base.lproj/LaunchScreen.storyboard; sourceTree = "<group>"; };
		0F4857171F553ABD00E852C2 /* Info.plist */ = {isa = PBXFileReference; lastKnownFileType = text.plist.xml; path = Info.plist; sourceTree = "<group>"; };
		0F48571C1F553ABD00E852C2 /* myMapTests.xctest */ = {isa = PBXFileReference; explicitFileType = wrapper.cfbundle; includeInIndex = 0; path = myMapTests.xctest; sourceTree = BUILT_PRODUCTS_DIR; };
		0F4857201F553ABD00E852C2 /* myMapTests.swift */ = {isa = PBXFileReference; lastKnownFileType = sourcecode.swift; path = myMapTests.swift; sourceTree = "<group>"; };
		0F4857221F553ABD00E852C2 /* Info.plist */ = {isa = PBXFileReference; lastKnownFileType = text.plist.xml; path = Info.plist; sourceTree = "<group>"; };
		0F4857271F553ABD00E852C2 /* myMapUITests.xctest */ = {isa = PBXFileReference; explicitFileType = wrapper.cfbundle; includeInIndex = 0; path = myMapUITests.xctest; sourceTree = BUILT_PRODUCTS_DIR; };
		0F48572B1F553ABD00E852C2 /* myMapUITests.swift */ = {isa = PBXFileReference; lastKnownFileType = sourcecode.swift; path = myMapUITests.swift; sourceTree = "<group>"; };
		0F48572D1F553ABD00E852C2 /* Info.plist */ = {isa = PBXFileReference; lastKnownFileType = text.plist.xml; path = Info.plist; sourceTree = "<group>"; };
		0F48573A1F55566900E852C2 /* MapKit.framework */ = {isa = PBXFileReference; lastKnownFileType = wrapper.framework; name = MapKit.framework; path = System/Library/Frameworks/MapKit.framework; sourceTree = SDKROOT; };
		0F48573C1F55567000E852C2 /* CoreLocation.framework */ = {isa = PBXFileReference; lastKnownFileType = wrapper.framework; name = CoreLocation.framework; path = System/Library/Frameworks/CoreLocation.framework; sourceTree = SDKROOT; };
		0F48EC201F5CF2C100AC0883 /* MyCollectionViewCell.swift */ = {isa = PBXFileReference; fileEncoding = 4; lastKnownFileType = sourcecode.swift; path = MyCollectionViewCell.swift; sourceTree = "<group>"; };
		0F4BDA1B20B5142F00DB8147 /* GenerateStartArray.swift */ = {isa = PBXFileReference; lastKnownFileType = sourcecode.swift; path = GenerateStartArray.swift; sourceTree = "<group>"; };
		0F4BDA1D20B5249B00DB8147 /* RotationAlgorithm.swift */ = {isa = PBXFileReference; lastKnownFileType = sourcecode.swift; path = RotationAlgorithm.swift; sourceTree = "<group>"; };
		0F4D3B7C1FAAD14D00E0E67F /* GetColor.swift */ = {isa = PBXFileReference; fileEncoding = 4; lastKnownFileType = sourcecode.swift; path = GetColor.swift; sourceTree = "<group>"; };
		0F4D3B811FAAF68600E0E67F /* ImageTransferArray.swift */ = {isa = PBXFileReference; fileEncoding = 4; lastKnownFileType = sourcecode.swift; path = ImageTransferArray.swift; sourceTree = "<group>"; };
		0F4D3B831FAAF72600E0E67F /* pic.png */ = {isa = PBXFileReference; lastKnownFileType = image.png; path = pic.png; sourceTree = "<group>"; };
		0F4E4AF4206C81C500DB9D32 /* Constant.swift */ = {isa = PBXFileReference; lastKnownFileType = sourcecode.swift; path = Constant.swift; sourceTree = "<group>"; };
		0F4E4AF6206CC79600DB9D32 /* Define.swift */ = {isa = PBXFileReference; lastKnownFileType = sourcecode.swift; path = Define.swift; sourceTree = "<group>"; };
		0F76AAB221CE34A40040F7AC /* SetArrayViewController.swift */ = {isa = PBXFileReference; lastKnownFileType = sourcecode.swift; path = SetArrayViewController.swift; sourceTree = "<group>"; };
		0FB6DD201F6A317A0035707B /* ComboCalFunc.swift */ = {isa = PBXFileReference; fileEncoding = 4; lastKnownFileType = sourcecode.swift; path = ComboCalFunc.swift; sourceTree = "<group>"; };
		0FB6DD221F6A54F80035707B /* StartRotationFunc.swift */ = {isa = PBXFileReference; fileEncoding = 4; lastKnownFileType = sourcecode.swift; path = StartRotationFunc.swift; sourceTree = "<group>"; };
/* End PBXFileReference section */

/* Begin PBXFrameworksBuildPhase section */
		0F4857051F553ABD00E852C2 /* Frameworks */ = {
			isa = PBXFrameworksBuildPhase;
			buildActionMask = 2147483647;
			files = (
				0F48573D1F55567000E852C2 /* CoreLocation.framework in Frameworks */,
				0F48573B1F55566900E852C2 /* MapKit.framework in Frameworks */,
			);
			runOnlyForDeploymentPostprocessing = 0;
		};
		0F4857191F553ABD00E852C2 /* Frameworks */ = {
			isa = PBXFrameworksBuildPhase;
			buildActionMask = 2147483647;
			files = (
			);
			runOnlyForDeploymentPostprocessing = 0;
		};
		0F4857241F553ABD00E852C2 /* Frameworks */ = {
			isa = PBXFrameworksBuildPhase;
			buildActionMask = 2147483647;
			files = (
			);
			runOnlyForDeploymentPostprocessing = 0;
		};
/* End PBXFrameworksBuildPhase section */

/* Begin PBXGroup section */
		0F4856FF1F553ABD00E852C2 = {
			isa = PBXGroup;
			children = (
				0F4D3B7E1FAAF53700E0E67F /* image */,
				0F48570A1F553ABD00E852C2 /* myMap */,
				0F48571F1F553ABD00E852C2 /* myMapTests */,
				0F48572A1F553ABD00E852C2 /* myMapUITests */,
				0F4857091F553ABD00E852C2 /* Products */,
				0F4857391F55566900E852C2 /* Frameworks */,
			);
			sourceTree = "<group>";
		};
		0F4857091F553ABD00E852C2 /* Products */ = {
			isa = PBXGroup;
			children = (
				0F4857081F553ABD00E852C2 /* myMap.app */,
				0F48571C1F553ABD00E852C2 /* myMapTests.xctest */,
				0F4857271F553ABD00E852C2 /* myMapUITests.xctest */,
			);
			name = Products;
			sourceTree = "<group>";
		};
		0F48570A1F553ABD00E852C2 /* myMap */ = {
			isa = PBXGroup;
			children = (
				0F48570B1F553ABD00E852C2 /* AppDelegate.swift */,
				0F4E4AF4206C81C500DB9D32 /* Constant.swift */,
				0F4E4AF6206CC79600DB9D32 /* Define.swift */,
				0F48570D1F553ABD00E852C2 /* ViewController.swift */,
				0F4BDA1B20B5142F00DB8147 /* GenerateStartArray.swift */,
				0F4D3B811FAAF68600E0E67F /* ImageTransferArray.swift */,
				0F48EC201F5CF2C100AC0883 /* MyCollectionViewCell.swift */,
				0FB6DD201F6A317A0035707B /* ComboCalFunc.swift */,
				0FB6DD221F6A54F80035707B /* StartRotationFunc.swift */,
				0F4BDA1D20B5249B00DB8147 /* RotationAlgorithm.swift */,
				0F06E40D20C7BE9600A37301 /* BallCollectionViewCell.swift */,
				0F41F07F1F6B793C002699C5 /* ClearUp.swift */,
				0F4D3B7C1FAAD14D00E0E67F /* GetColor.swift */,
				0F4857121F553ABD00E852C2 /* Assets.xcassets */,
				0F48570F1F553ABD00E852C2 /* Main.storyboard */,
				0F4857141F553ABD00E852C2 /* LaunchScreen.storyboard */,
				0F4857171F553ABD00E852C2 /* Info.plist */,
				0F16F44C21C0FC7600E24320 /* RotArr.swift */,
				0F76AAB521CE34B20040F7AC /* setArray */,
			);
			path = myMap;
			sourceTree = "<group>";
		};
		0F48571F1F553ABD00E852C2 /* myMapTests */ = {
			isa = PBXGroup;
			children = (
				0F4857201F553ABD00E852C2 /* myMapTests.swift */,
				0F4857221F553ABD00E852C2 /* Info.plist */,
			);
			path = myMapTests;
			sourceTree = "<group>";
		};
		0F48572A1F553ABD00E852C2 /* myMapUITests */ = {
			isa = PBXGroup;
			children = (
				0F48572B1F553ABD00E852C2 /* myMapUITests.swift */,
				0F48572D1F553ABD00E852C2 /* Info.plist */,
			);
			path = myMapUITests;
			sourceTree = "<group>";
		};
		0F4857391F55566900E852C2 /* Frameworks */ = {
			isa = PBXGroup;
			children = (
				0F48573C1F55567000E852C2 /* CoreLocation.framework */,
				0F48573A1F55566900E852C2 /* MapKit.framework */,
			);
			name = Frameworks;
			sourceTree = "<group>";
		};
		0F4D3B7E1FAAF53700E0E67F /* image */ = {
			isa = PBXGroup;
			children = (
				0F4D3B831FAAF72600E0E67F /* pic.png */,
			);
			name = image;
			sourceTree = "<group>";
		};
		0F76AAB521CE34B20040F7AC /* setArray */ = {
			isa = PBXGroup;
			children = (
				0F76AAB221CE34A40040F7AC /* SetArrayViewController.swift */,
				0F0CFB5821D2094800347091 /* Board.swift */,
			);
			name = setArray;
			sourceTree = "<group>";
		};
/* End PBXGroup section */

/* Begin PBXNativeTarget section */
		0F4857071F553ABD00E852C2 /* myMap */ = {
			isa = PBXNativeTarget;
			buildConfigurationList = 0F4857301F553ABD00E852C2 /* Build configuration list for PBXNativeTarget "myMap" */;
			buildPhases = (
				0F4857041F553ABD00E852C2 /* Sources */,
				0F4857051F553ABD00E852C2 /* Frameworks */,
				0F4857061F553ABD00E852C2 /* Resources */,
			);
			buildRules = (
			);
			dependencies = (
			);
			name = myMap;
			productName = myMap;
			productReference = 0F4857081F553ABD00E852C2 /* myMap.app */;
			productType = "com.apple.product-type.application";
		};
		0F48571B1F553ABD00E852C2 /* myMapTests */ = {
			isa = PBXNativeTarget;
			buildConfigurationList = 0F4857331F553ABD00E852C2 /* Build configuration list for PBXNativeTarget "myMapTests" */;
			buildPhases = (
				0F4857181F553ABD00E852C2 /* Sources */,
				0F4857191F553ABD00E852C2 /* Frameworks */,
				0F48571A1F553ABD00E852C2 /* Resources */,
			);
			buildRules = (
			);
			dependencies = (
				0F48571E1F553ABD00E852C2 /* PBXTargetDependency */,
			);
			name = myMapTests;
			productName = myMapTests;
			productReference = 0F48571C1F553ABD00E852C2 /* myMapTests.xctest */;
			productType = "com.apple.product-type.bundle.unit-test";
		};
		0F4857261F553ABD00E852C2 /* myMapUITests */ = {
			isa = PBXNativeTarget;
			buildConfigurationList = 0F4857361F553ABD00E852C2 /* Build configuration list for PBXNativeTarget "myMapUITests" */;
			buildPhases = (
				0F4857231F553ABD00E852C2 /* Sources */,
				0F4857241F553ABD00E852C2 /* Frameworks */,
				0F4857251F553ABD00E852C2 /* Resources */,
			);
			buildRules = (
			);
			dependencies = (
				0F4857291F553ABD00E852C2 /* PBXTargetDependency */,
			);
			name = myMapUITests;
			productName = myMapUITests;
			productReference = 0F4857271F553ABD00E852C2 /* myMapUITests.xctest */;
			productType = "com.apple.product-type.bundle.ui-testing";
		};
/* End PBXNativeTarget section */

/* Begin PBXProject section */
		0F4857001F553ABD00E852C2 /* Project object */ = {
			isa = PBXProject;
			attributes = {
				LastSwiftUpdateCheck = 0830;
				LastUpgradeCheck = 0830;
				ORGANIZATIONNAME = test;
				TargetAttributes = {
					0F4857071F553ABD00E852C2 = {
						CreatedOnToolsVersion = 8.3.3;
						DevelopmentTeam = 6U79KUH842;
						ProvisioningStyle = Automatic;
					};
					0F48571B1F553ABD00E852C2 = {
						CreatedOnToolsVersion = 8.3.3;
						ProvisioningStyle = Automatic;
						TestTargetID = 0F4857071F553ABD00E852C2;
					};
					0F4857261F553ABD00E852C2 = {
						CreatedOnToolsVersion = 8.3.3;
						ProvisioningStyle = Automatic;
						TestTargetID = 0F4857071F553ABD00E852C2;
					};
				};
			};
			buildConfigurationList = 0F4857031F553ABD00E852C2 /* Build configuration list for PBXProject "myMap" */;
			compatibilityVersion = "Xcode 3.2";
			developmentRegion = English;
			hasScannedForEncodings = 0;
			knownRegions = (
				en,
				Base,
			);
			mainGroup = 0F4856FF1F553ABD00E852C2;
			productRefGroup = 0F4857091F553ABD00E852C2 /* Products */;
			projectDirPath = "";
			projectRoot = "";
			targets = (
				0F4857071F553ABD00E852C2 /* myMap */,
				0F48571B1F553ABD00E852C2 /* myMapTests */,
				0F4857261F553ABD00E852C2 /* myMapUITests */,
			);
		};
/* End PBXProject section */

/* Begin PBXResourcesBuildPhase section */
		0F4857061F553ABD00E852C2 /* Resources */ = {
			isa = PBXResourcesBuildPhase;
			buildActionMask = 2147483647;
			files = (
				0F4857161F553ABD00E852C2 /* LaunchScreen.storyboard in Resources */,
				0F4857131F553ABD00E852C2 /* Assets.xcassets in Resources */,
				0F4D3B841FAAF72600E0E67F /* pic.png in Resources */,
				0F4857111F553ABD00E852C2 /* Main.storyboard in Resources */,
			);
			runOnlyForDeploymentPostprocessing = 0;
		};
		0F48571A1F553ABD00E852C2 /* Resources */ = {
			isa = PBXResourcesBuildPhase;
			buildActionMask = 2147483647;
			files = (
			);
			runOnlyForDeploymentPostprocessing = 0;
		};
		0F4857251F553ABD00E852C2 /* Resources */ = {
			isa = PBXResourcesBuildPhase;
			buildActionMask = 2147483647;
			files = (
			);
			runOnlyForDeploymentPostprocessing = 0;
		};
/* End PBXResourcesBuildPhase section */

/* Begin PBXSourcesBuildPhase section */
		0F4857041F553ABD00E852C2 /* Sources */ = {
			isa = PBXSourcesBuildPhase;
			buildActionMask = 2147483647;
			files = (
				0F48570E1F553ABD00E852C2 /* ViewController.swift in Sources */,
				0F16F44D21C0FC7600E24320 /* RotArr.swift in Sources */,
				0F4D3B821FAAF68600E0E67F /* ImageTransferArray.swift in Sources */,
				0FB6DD211F6A317A0035707B /* ComboCalFunc.swift in Sources */,
				0F4E4AF7206CC79600DB9D32 /* Define.swift in Sources */,
				0F06E40E20C7BE9600A37301 /* BallCollectionViewCell.swift in Sources */,
				0F41F0801F6B793C002699C5 /* ClearUp.swift in Sources */,
				0F4BDA1E20B5249B00DB8147 /* RotationAlgorithm.swift in Sources */,
				0F76AAB321CE34A40040F7AC /* SetArrayViewController.swift in Sources */,
				0FB6DD231F6A54F80035707B /* StartRotationFunc.swift in Sources */,
				0F4D3B7D1FAAD14D00E0E67F /* GetColor.swift in Sources */,
				0F4E4AF5206C81C500DB9D32 /* Constant.swift in Sources */,
				0F48570C1F553ABD00E852C2 /* AppDelegate.swift in Sources */,
				0F4BDA1C20B5142F00DB8147 /* GenerateStartArray.swift in Sources */,
				0F0CFB5921D2094800347091 /* Board.swift in Sources */,
				0F48EC211F5CF2C100AC0883 /* MyCollectionViewCell.swift in Sources */,
			);
			runOnlyForDeploymentPostprocessing = 0;
		};
		0F4857181F553ABD00E852C2 /* Sources */ = {
			isa = PBXSourcesBuildPhase;
			buildActionMask = 2147483647;
			files = (
				0F4857211F553ABD00E852C2 /* myMapTests.swift in Sources */,
			);
			runOnlyForDeploymentPostprocessing = 0;
		};
		0F4857231F553ABD00E852C2 /* Sources */ = {
			isa = PBXSourcesBuildPhase;
			buildActionMask = 2147483647;
			files = (
				0F48572C1F553ABD00E852C2 /* myMapUITests.swift in Sources */,
			);
			runOnlyForDeploymentPostprocessing = 0;
		};
/* End PBXSourcesBuildPhase section */

/* Begin PBXTargetDependency section */
		0F48571E1F553ABD00E852C2 /* PBXTargetDependency */ = {
			isa = PBXTargetDependency;
			target = 0F4857071F553ABD00E852C2 /* myMap */;
			targetProxy = 0F48571D1F553ABD00E852C2 /* PBXContainerItemProxy */;
		};
		0F4857291F553ABD00E852C2 /* PBXTargetDependency */ = {
			isa = PBXTargetDependency;
			target = 0F4857071F553ABD00E852C2 /* myMap */;
			targetProxy = 0F4857281F553ABD00E852C2 /* PBXContainerItemProxy */;
		};
/* End PBXTargetDependency section */

/* Begin PBXVariantGroup section */
		0F48570F1F553ABD00E852C2 /* Main.storyboard */ = {
			isa = PBXVariantGroup;
			children = (
				0F4857101F553ABD00E852C2 /* Base */,
			);
			name = Main.storyboard;
			sourceTree = "<group>";
		};
		0F4857141F553ABD00E852C2 /* LaunchScreen.storyboard */ = {
			isa = PBXVariantGroup;
			children = (
				0F4857151F553ABD00E852C2 /* Base */,
			);
			name = LaunchScreen.storyboard;
			sourceTree = "<group>";
		};
/* End PBXVariantGroup section */

/* Begin XCBuildConfiguration section */
		0F48572E1F553ABD00E852C2 /* Debug */ = {
			isa = XCBuildConfiguration;
			buildSettings = {
				ALWAYS_SEARCH_USER_PATHS = NO;
				CLANG_ANALYZER_NONNULL = YES;
				CLANG_ANALYZER_NUMBER_OBJECT_CONVERSION = YES_AGGRESSIVE;
				CLANG_CXX_LANGUAGE_STANDARD = "gnu++0x";
				CLANG_CXX_LIBRARY = "libc++";
				CLANG_ENABLE_MODULES = YES;
				CLANG_ENABLE_OBJC_ARC = YES;
				CLANG_WARN_BOOL_CONVERSION = YES;
				CLANG_WARN_CONSTANT_CONVERSION = YES;
				CLANG_WARN_DIRECT_OBJC_ISA_USAGE = YES_ERROR;
				CLANG_WARN_DOCUMENTATION_COMMENTS = YES;
				CLANG_WARN_EMPTY_BODY = YES;
				CLANG_WARN_ENUM_CONVERSION = YES;
				CLANG_WARN_INFINITE_RECURSION = YES;
				CLANG_WARN_INT_CONVERSION = YES;
				CLANG_WARN_OBJC_ROOT_CLASS = YES_ERROR;
				CLANG_WARN_SUSPICIOUS_MOVE = YES;
				CLANG_WARN_UNREACHABLE_CODE = YES;
				CLANG_WARN__DUPLICATE_METHOD_MATCH = YES;
				"CODE_SIGN_IDENTITY[sdk=iphoneos*]" = "iPhone Developer";
				COPY_PHASE_STRIP = NO;
				DEBUG_INFORMATION_FORMAT = dwarf;
				ENABLE_STRICT_OBJC_MSGSEND = YES;
				ENABLE_TESTABILITY = YES;
				GCC_C_LANGUAGE_STANDARD = gnu99;
				GCC_DYNAMIC_NO_PIC = NO;
				GCC_NO_COMMON_BLOCKS = YES;
				GCC_OPTIMIZATION_LEVEL = 0;
				GCC_PREPROCESSOR_DEFINITIONS = (
					"DEBUG=1",
					"$(inherited)",
				);
				GCC_WARN_64_TO_32_BIT_CONVERSION = YES;
				GCC_WARN_ABOUT_RETURN_TYPE = YES_ERROR;
				GCC_WARN_UNDECLARED_SELECTOR = YES;
				GCC_WARN_UNINITIALIZED_AUTOS = YES_AGGRESSIVE;
				GCC_WARN_UNUSED_FUNCTION = YES;
				GCC_WARN_UNUSED_VARIABLE = YES;
				IPHONEOS_DEPLOYMENT_TARGET = 10.3;
				MTL_ENABLE_DEBUG_INFO = YES;
				ONLY_ACTIVE_ARCH = YES;
				SDKROOT = iphoneos;
				SWIFT_ACTIVE_COMPILATION_CONDITIONS = DEBUG;
				SWIFT_OPTIMIZATION_LEVEL = "-Onone";
			};
			name = Debug;
		};
		0F48572F1F553ABD00E852C2 /* Release */ = {
			isa = XCBuildConfiguration;
			buildSettings = {
				ALWAYS_SEARCH_USER_PATHS = NO;
				CLANG_ANALYZER_NONNULL = YES;
				CLANG_ANALYZER_NUMBER_OBJECT_CONVERSION = YES_AGGRESSIVE;
				CLANG_CXX_LANGUAGE_STANDARD = "gnu++0x";
				CLANG_CXX_LIBRARY = "libc++";
				CLANG_ENABLE_MODULES = YES;
				CLANG_ENABLE_OBJC_ARC = YES;
				CLANG_WARN_BOOL_CONVERSION = YES;
				CLANG_WARN_CONSTANT_CONVERSION = YES;
				CLANG_WARN_DIRECT_OBJC_ISA_USAGE = YES_ERROR;
				CLANG_WARN_DOCUMENTATION_COMMENTS = YES;
				CLANG_WARN_EMPTY_BODY = YES;
				CLANG_WARN_ENUM_CONVERSION = YES;
				CLANG_WARN_INFINITE_RECURSION = YES;
				CLANG_WARN_INT_CONVERSION = YES;
				CLANG_WARN_OBJC_ROOT_CLASS = YES_ERROR;
				CLANG_WARN_SUSPICIOUS_MOVE = YES;
				CLANG_WARN_UNREACHABLE_CODE = YES;
				CLANG_WARN__DUPLICATE_METHOD_MATCH = YES;
				"CODE_SIGN_IDENTITY[sdk=iphoneos*]" = "iPhone Developer";
				COPY_PHASE_STRIP = NO;
				DEBUG_INFORMATION_FORMAT = "dwarf-with-dsym";
				ENABLE_NS_ASSERTIONS = NO;
				ENABLE_STRICT_OBJC_MSGSEND = YES;
				GCC_C_LANGUAGE_STANDARD = gnu99;
				GCC_NO_COMMON_BLOCKS = YES;
				GCC_WARN_64_TO_32_BIT_CONVERSION = YES;
				GCC_WARN_ABOUT_RETURN_TYPE = YES_ERROR;
				GCC_WARN_UNDECLARED_SELECTOR = YES;
				GCC_WARN_UNINITIALIZED_AUTOS = YES_AGGRESSIVE;
				GCC_WARN_UNUSED_FUNCTION = YES;
				GCC_WARN_UNUSED_VARIABLE = YES;
				IPHONEOS_DEPLOYMENT_TARGET = 10.3;
				MTL_ENABLE_DEBUG_INFO = NO;
				SDKROOT = iphoneos;
				SWIFT_OPTIMIZATION_LEVEL = "-Owholemodule";
				VALIDATE_PRODUCT = YES;
			};
			name = Release;
		};
		0F4857311F553ABD00E852C2 /* Debug */ = {
			isa = XCBuildConfiguration;
			buildSettings = {
				ASSETCATALOG_COMPILER_APPICON_NAME = AppIcon;
				"CODE_SIGN_IDENTITY[sdk=iphoneos*]" = "iPhone Developer";
				DEVELOPMENT_TEAM = 6U79KUH842;
				INFOPLIST_FILE = myMap/Info.plist;
				IPHONEOS_DEPLOYMENT_TARGET = 9.0;
				LD_RUNPATH_SEARCH_PATHS = "$(inherited) @executable_path/Frameworks";
				OTHER_SWIFT_FLAGS = "-Xfrontend -debug-time-function-bodies";
				PRODUCT_BUNDLE_IDENTIFIER = com.jj.myMap;
				PRODUCT_NAME = "$(TARGET_NAME)";
				PROVISIONING_PROFILE_SPECIFIER = "";
				SWIFT_VERSION = 3.0;
			};
			name = Debug;
		};
		0F4857321F553ABD00E852C2 /* Release */ = {
			isa = XCBuildConfiguration;
			buildSettings = {
				ASSETCATALOG_COMPILER_APPICON_NAME = AppIcon;
				"CODE_SIGN_IDENTITY[sdk=iphoneos*]" = "iPhone Developer";
				DEVELOPMENT_TEAM = 6U79KUH842;
				INFOPLIST_FILE = myMap/Info.plist;
				IPHONEOS_DEPLOYMENT_TARGET = 9.0;
				LD_RUNPATH_SEARCH_PATHS = "$(inherited) @executable_path/Frameworks";
				OTHER_SWIFT_FLAGS = "-Xfrontend -debug-time-function-bodies";
				PRODUCT_BUNDLE_IDENTIFIER = com.jj.myMap;
				PRODUCT_NAME = "$(TARGET_NAME)";
				PROVISIONING_PROFILE_SPECIFIER = "";
				SWIFT_VERSION = 3.0;
			};
			name = Release;
		};
		0F4857341F553ABD00E852C2 /* Debug */ = {
			isa = XCBuildConfiguration;
			buildSettings = {
				ALWAYS_EMBED_SWIFT_STANDARD_LIBRARIES = YES;
				BUNDLE_LOADER = "$(TEST_HOST)";
				INFOPLIST_FILE = myMapTests/Info.plist;
				LD_RUNPATH_SEARCH_PATHS = "$(inherited) @executable_path/Frameworks @loader_path/Frameworks";
				PRODUCT_BUNDLE_IDENTIFIER = com.test.myMapTests;
				PRODUCT_NAME = "$(TARGET_NAME)";
				SWIFT_VERSION = 3.0;
				TEST_HOST = "$(BUILT_PRODUCTS_DIR)/myMap.app/myMap";
			};
			name = Debug;
		};
		0F4857351F553ABD00E852C2 /* Release */ = {
			isa = XCBuildConfiguration;
			buildSettings = {
				ALWAYS_EMBED_SWIFT_STANDARD_LIBRARIES = YES;
				BUNDLE_LOADER = "$(TEST_HOST)";
				INFOPLIST_FILE = myMapTests/Info.plist;
				LD_RUNPATH_SEARCH_PATHS = "$(inherited) @executable_path/Frameworks @loader_path/Frameworks";
				PRODUCT_BUNDLE_IDENTIFIER = com.test.myMapTests;
				PRODUCT_NAME = "$(TARGET_NAME)";
				SWIFT_VERSION = 3.0;
				TEST_HOST = "$(BUILT_PRODUCTS_DIR)/myMap.app/myMap";
			};
			name = Release;
		};
		0F4857371F553ABD00E852C2 /* Debug */ = {
			isa = XCBuildConfiguration;
			buildSettings = {
				ALWAYS_EMBED_SWIFT_STANDARD_LIBRARIES = YES;
				INFOPLIST_FILE = myMapUITests/Info.plist;
				LD_RUNPATH_SEARCH_PATHS = "$(inherited) @executable_path/Frameworks @loader_path/Frameworks";
				PRODUCT_BUNDLE_IDENTIFIER = com.test.myMapUITests;
				PRODUCT_NAME = "$(TARGET_NAME)";
				SWIFT_VERSION = 3.0;
				TEST_TARGET_NAME = myMap;
			};
			name = Debug;
		};
		0F4857381F553ABD00E852C2 /* Release */ = {
			isa = XCBuildConfiguration;
			buildSettings = {
				ALWAYS_EMBED_SWIFT_STANDARD_LIBRARIES = YES;
				INFOPLIST_FILE = myMapUITests/Info.plist;
				LD_RUNPATH_SEARCH_PATHS = "$(inherited) @executable_path/Frameworks @loader_path/Frameworks";
				PRODUCT_BUNDLE_IDENTIFIER = com.test.myMapUITests;
				PRODUCT_NAME = "$(TARGET_NAME)";
				SWIFT_VERSION = 3.0;
				TEST_TARGET_NAME = myMap;
			};
			name = Release;
		};
/* End XCBuildConfiguration section */

/* Begin XCConfigurationList section */
		0F4857031F553ABD00E852C2 /* Build configuration list for PBXProject "myMap" */ = {
			isa = XCConfigurationList;
			buildConfigurations = (
				0F48572E1F553ABD00E852C2 /* Debug */,
				0F48572F1F553ABD00E852C2 /* Release */,
			);
			defaultConfigurationIsVisible = 0;
			defaultConfigurationName = Release;
		};
		0F4857301F553ABD00E852C2 /* Build configuration list for PBXNativeTarget "myMap" */ = {
			isa = XCConfigurationList;
			buildConfigurations = (
				0F4857311F553ABD00E852C2 /* Debug */,
				0F4857321F553ABD00E852C2 /* Release */,
			);
			defaultConfigurationIsVisible = 0;
			defaultConfigurationName = Release;
		};
		0F4857331F553ABD00E852C2 /* Build configuration list for PBXNativeTarget "myMapTests" */ = {
			isa = XCConfigurationList;
			buildConfigurations = (
				0F4857341F553ABD00E852C2 /* Debug */,
				0F4857351F553ABD00E852C2 /* Release */,
			);
			defaultConfigurationIsVisible = 0;
			defaultConfigurationName = Release;
		};
		0F4857361F553ABD00E852C2 /* Build configuration list for PBXNativeTarget "myMapUITests" */ = {
			isa = XCConfigurationList;
			buildConfigurations = (
				0F4857371F553ABD00E852C2 /* Debug */,
				0F4857381F553ABD00E852C2 /* Release */,
			);
			defaultConfigurationIsVisible = 0;
			defaultConfigurationName = Release;
		};
/* End XCConfigurationList section */
	};
	rootObject = 0F4857001F553ABD00E852C2 /* Project object */;
}
